// !$*UTF8*$!
{
	archiveVersion = 1;
	classes = {
	};
	objectVersion = 56;
	objects = {

/* Begin PBXBuildFile section */
		CF3A51FD29F285FB002D8F09 /* AppDelegate.swift in Sources */ = {isa = PBXBuildFile; fileRef = CF3A51FC29F285FB002D8F09 /* AppDelegate.swift */; };
		CF3A51FF29F285FB002D8F09 /* SceneDelegate.swift in Sources */ = {isa = PBXBuildFile; fileRef = CF3A51FE29F285FB002D8F09 /* SceneDelegate.swift */; };
		CF3A520429F285FB002D8F09 /* Main.storyboard in Resources */ = {isa = PBXBuildFile; fileRef = CF3A520229F285FB002D8F09 /* Main.storyboard */; };
		CF3A520629F285FC002D8F09 /* Assets.xcassets in Resources */ = {isa = PBXBuildFile; fileRef = CF3A520529F285FC002D8F09 /* Assets.xcassets */; };
		CF3A520929F285FC002D8F09 /* LaunchScreen.storyboard in Resources */ = {isa = PBXBuildFile; fileRef = CF3A520729F285FC002D8F09 /* LaunchScreen.storyboard */; };
		CF3A521129F2862B002D8F09 /* KebukeMainViewController.swift in Sources */ = {isa = PBXBuildFile; fileRef = CF3A521029F2862B002D8F09 /* KebukeMainViewController.swift */; };
		CF3A521329F28657002D8F09 /* Model.swift in Sources */ = {isa = PBXBuildFile; fileRef = CF3A521229F28657002D8F09 /* Model.swift */; };
		CF3A521729F288A1002D8F09 /* KebukeTableViewCell.swift in Sources */ = {isa = PBXBuildFile; fileRef = CF3A521629F288A1002D8F09 /* KebukeTableViewCell.swift */; };
		CF3A521A29F30DDE002D8F09 /* Kingfisher in Frameworks */ = {isa = PBXBuildFile; productRef = CF3A521929F30DDE002D8F09 /* Kingfisher */; };
		CF3A521E29F31D34002D8F09 /* DetailViewController.swift in Sources */ = {isa = PBXBuildFile; fileRef = CF3A521D29F31D34002D8F09 /* DetailViewController.swift */; };
		CFF54CB929F477C200CEB598 /* OrderDataModel.swift in Sources */ = {isa = PBXBuildFile; fileRef = CFF54CB829F477C200CEB598 /* OrderDataModel.swift */; };
		CFF54CBB29F5559200CEB598 /* ShopCartTableViewCell.swift in Sources */ = {isa = PBXBuildFile; fileRef = CFF54CBA29F5559200CEB598 /* ShopCartTableViewCell.swift */; };
		CFF54CBD29F555C700CEB598 /* ShopCartViewController.swift in Sources */ = {isa = PBXBuildFile; fileRef = CFF54CBC29F555C700CEB598 /* ShopCartViewController.swift */; };
		CFF54CBF29F7BAF600CEB598 /* ShopCartModel.swift in Sources */ = {isa = PBXBuildFile; fileRef = CFF54CBE29F7BAF600CEB598 /* ShopCartModel.swift */; };
/* End PBXBuildFile section */

/* Begin PBXFileReference section */
		CF3A51F929F285FB002D8F09 /* Kebuke.app */ = {isa = PBXFileReference; explicitFileType = wrapper.application; includeInIndex = 0; path = Kebuke.app; sourceTree = BUILT_PRODUCTS_DIR; };
		CF3A51FC29F285FB002D8F09 /* AppDelegate.swift */ = {isa = PBXFileReference; lastKnownFileType = sourcecode.swift; path = AppDelegate.swift; sourceTree = "<group>"; };
		CF3A51FE29F285FB002D8F09 /* SceneDelegate.swift */ = {isa = PBXFileReference; lastKnownFileType = sourcecode.swift; path = SceneDelegate.swift; sourceTree = "<group>"; };
		CF3A520329F285FB002D8F09 /* Base */ = {isa = PBXFileReference; lastKnownFileType = file.storyboard; name = Base; path = Base.lproj/Main.storyboard; sourceTree = "<group>"; };
		CF3A520529F285FC002D8F09 /* Assets.xcassets */ = {isa = PBXFileReference; lastKnownFileType = folder.assetcatalog; path = Assets.xcassets; sourceTree = "<group>"; };
		CF3A520829F285FC002D8F09 /* Base */ = {isa = PBXFileReference; lastKnownFileType = file.storyboard; name = Base; path = Base.lproj/LaunchScreen.storyboard; sourceTree = "<group>"; };
		CF3A520A29F285FC002D8F09 /* Info.plist */ = {isa = PBXFileReference; lastKnownFileType = text.plist.xml; path = Info.plist; sourceTree = "<group>"; };
		CF3A521029F2862B002D8F09 /* KebukeMainViewController.swift */ = {isa = PBXFileReference; lastKnownFileType = sourcecode.swift; path = KebukeMainViewController.swift; sourceTree = "<group>"; };
		CF3A521229F28657002D8F09 /* Model.swift */ = {isa = PBXFileReference; lastKnownFileType = sourcecode.swift; path = Model.swift; sourceTree = "<group>"; };
		CF3A521629F288A1002D8F09 /* KebukeTableViewCell.swift */ = {isa = PBXFileReference; lastKnownFileType = sourcecode.swift; path = KebukeTableViewCell.swift; sourceTree = "<group>"; };
		CF3A521D29F31D34002D8F09 /* DetailViewController.swift */ = {isa = PBXFileReference; lastKnownFileType = sourcecode.swift; path = DetailViewController.swift; sourceTree = "<group>"; };
		CFF54CB829F477C200CEB598 /* OrderDataModel.swift */ = {isa = PBXFileReference; lastKnownFileType = sourcecode.swift; path = OrderDataModel.swift; sourceTree = "<group>"; };
		CFF54CBA29F5559200CEB598 /* ShopCartTableViewCell.swift */ = {isa = PBXFileReference; lastKnownFileType = sourcecode.swift; path = ShopCartTableViewCell.swift; sourceTree = "<group>"; };
		CFF54CBC29F555C700CEB598 /* ShopCartViewController.swift */ = {isa = PBXFileReference; lastKnownFileType = sourcecode.swift; path = ShopCartViewController.swift; sourceTree = "<group>"; };
		CFF54CBE29F7BAF600CEB598 /* ShopCartModel.swift */ = {isa = PBXFileReference; lastKnownFileType = sourcecode.swift; path = ShopCartModel.swift; sourceTree = "<group>"; };
/* End PBXFileReference section */

/* Begin PBXFrameworksBuildPhase section */
		CF3A51F629F285FB002D8F09 /* Frameworks */ = {
			isa = PBXFrameworksBuildPhase;
			buildActionMask = 2147483647;
			files = (
				CF3A521A29F30DDE002D8F09 /* Kingfisher in Frameworks */,
			);
			runOnlyForDeploymentPostprocessing = 0;
		};
/* End PBXFrameworksBuildPhase section */

/* Begin PBXGroup section */
		CF3A51F029F285FB002D8F09 = {
			isa = PBXGroup;
			children = (
				CF3A51FB29F285FB002D8F09 /* Kebuke */,
				CF3A51FA29F285FB002D8F09 /* Products */,
			);
			sourceTree = "<group>";
		};
		CF3A51FA29F285FB002D8F09 /* Products */ = {
			isa = PBXGroup;
			children = (
				CF3A51F929F285FB002D8F09 /* Kebuke.app */,
			);
			name = Products;
			sourceTree = "<group>";
		};
		CF3A51FB29F285FB002D8F09 /* Kebuke */ = {
			isa = PBXGroup;
			children = (
				CF3A51FC29F285FB002D8F09 /* AppDelegate.swift */,
				CF3A51FE29F285FB002D8F09 /* SceneDelegate.swift */,
				CF3A520229F285FB002D8F09 /* Main.storyboard */,
				CF3A520529F285FC002D8F09 /* Assets.xcassets */,
				CF3A520729F285FC002D8F09 /* LaunchScreen.storyboard */,
				CF3A520A29F285FC002D8F09 /* Info.plist */,
				CF3A521629F288A1002D8F09 /* KebukeTableViewCell.swift */,
				CFF54CBA29F5559200CEB598 /* ShopCartTableViewCell.swift */,
				CF3A521229F28657002D8F09 /* Model.swift */,
				CFF54CB829F477C200CEB598 /* OrderDataModel.swift */,
				CFF54CBE29F7BAF600CEB598 /* ShopCartModel.swift */,
				CF3A521F29F44853002D8F09 /* Controller */,
			);
			path = Kebuke;
			sourceTree = "<group>";
		};
		CF3A521F29F44853002D8F09 /* Controller */ = {
			isa = PBXGroup;
			children = (
				CF3A521029F2862B002D8F09 /* KebukeMainViewController.swift */,
				CF3A521D29F31D34002D8F09 /* DetailViewController.swift */,
				CFF54CBC29F555C700CEB598 /* ShopCartViewController.swift */,
			);
			path = Controller;
			sourceTree = "<group>";
		};
/* End PBXGroup section */

/* Begin PBXNativeTarget section */
		CF3A51F829F285FB002D8F09 /* Kebuke */ = {
			isa = PBXNativeTarget;
			buildConfigurationList = CF3A520D29F285FC002D8F09 /* Build configuration list for PBXNativeTarget "Kebuke" */;
			buildPhases = (
				CF3A51F529F285FB002D8F09 /* Sources */,
				CF3A51F629F285FB002D8F09 /* Frameworks */,
				CF3A51F729F285FB002D8F09 /* Resources */,
			);
			buildRules = (
			);
			dependencies = (
			);
			name = Kebuke;
			packageProductDependencies = (
				CF3A521929F30DDE002D8F09 /* Kingfisher */,
			);
			productName = Kebuke;
			productReference = CF3A51F929F285FB002D8F09 /* Kebuke.app */;
			productType = "com.apple.product-type.application";
		};
/* End PBXNativeTarget section */

/* Begin PBXProject section */
		CF3A51F129F285FB002D8F09 /* Project object */ = {
			isa = PBXProject;
			attributes = {
				BuildIndependentTargetsInParallel = 1;
				LastSwiftUpdateCheck = 1420;
				LastUpgradeCheck = 1420;
				TargetAttributes = {
					CF3A51F829F285FB002D8F09 = {
						CreatedOnToolsVersion = 14.2;
					};
				};
			};
			buildConfigurationList = CF3A51F429F285FB002D8F09 /* Build configuration list for PBXProject "Kebuke" */;
			compatibilityVersion = "Xcode 14.0";
			developmentRegion = en;
			hasScannedForEncodings = 0;
			knownRegions = (
				en,
				Base,
			);
			mainGroup = CF3A51F029F285FB002D8F09;
			packageReferences = (
				CF3A521829F30DDE002D8F09 /* XCRemoteSwiftPackageReference "Kingfisher" */,
			);
			productRefGroup = CF3A51FA29F285FB002D8F09 /* Products */;
			projectDirPath = "";
			projectRoot = "";
			targets = (
				CF3A51F829F285FB002D8F09 /* Kebuke */,
			);
		};
/* End PBXProject section */

/* Begin PBXResourcesBuildPhase section */
		CF3A51F729F285FB002D8F09 /* Resources */ = {
			isa = PBXResourcesBuildPhase;
			buildActionMask = 2147483647;
			files = (
				CF3A520929F285FC002D8F09 /* LaunchScreen.storyboard in Resources */,
				CF3A520629F285FC002D8F09 /* Assets.xcassets in Resources */,
				CF3A520429F285FB002D8F09 /* Main.storyboard in Resources */,
			);
			runOnlyForDeploymentPostprocessing = 0;
		};
/* End PBXResourcesBuildPhase section */

/* Begin PBXSourcesBuildPhase section */
		CF3A51F529F285FB002D8F09 /* Sources */ = {
			isa = PBXSourcesBuildPhase;
			buildActionMask = 2147483647;
			files = (
				CF3A521729F288A1002D8F09 /* KebukeTableViewCell.swift in Sources */,
				CF3A51FD29F285FB002D8F09 /* AppDelegate.swift in Sources */,
				CF3A51FF29F285FB002D8F09 /* SceneDelegate.swift in Sources */,
				CF3A521129F2862B002D8F09 /* KebukeMainViewController.swift in Sources */,
				CF3A521329F28657002D8F09 /* Model.swift in Sources */,
				CFF54CBB29F5559200CEB598 /* ShopCartTableViewCell.swift in Sources */,
				CFF54CBD29F555C700CEB598 /* ShopCartViewController.swift in Sources */,
				CFF54CB929F477C200CEB598 /* OrderDataModel.swift in Sources */,
				CF3A521E29F31D34002D8F09 /* DetailViewController.swift in Sources */,
				CFF54CBF29F7BAF600CEB598 /* ShopCartModel.swift in Sources */,
			);
			runOnlyForDeploymentPostprocessing = 0;
		};
/* End PBXSourcesBuildPhase section */

/* Begin PBXVariantGroup section */
		CF3A520229F285FB002D8F09 /* Main.storyboard */ = {
			isa = PBXVariantGroup;
			children = (
				CF3A520329F285FB002D8F09 /* Base */,
			);
			name = Main.storyboard;
			sourceTree = "<group>";
		};
		CF3A520729F285FC002D8F09 /* LaunchScreen.storyboard */ = {
			isa = PBXVariantGroup;
			children = (
				CF3A520829F285FC002D8F09 /* Base */,
			);
			name = LaunchScreen.storyboard;
			sourceTree = "<group>";
		};
/* End PBXVariantGroup section */

/* Begin XCBuildConfiguration section */
		CF3A520B29F285FC002D8F09 /* Debug */ = {
			isa = XCBuildConfiguration;
			buildSettings = {
				ALWAYS_SEARCH_USER_PATHS = NO;
				CLANG_ANALYZER_NONNULL = YES;
				CLANG_ANALYZER_NUMBER_OBJECT_CONVERSION = YES_AGGRESSIVE;
				CLANG_CXX_LANGUAGE_STANDARD = "gnu++20";
				CLANG_ENABLE_MODULES = YES;
				CLANG_ENABLE_OBJC_ARC = YES;
				CLANG_ENABLE_OBJC_WEAK = YES;
				CLANG_WARN_BLOCK_CAPTURE_AUTORELEASING = YES;
				CLANG_WARN_BOOL_CONVERSION = YES;
				CLANG_WARN_COMMA = YES;
				CLANG_WARN_CONSTANT_CONVERSION = YES;
				CLANG_WARN_DEPRECATED_OBJC_IMPLEMENTATIONS = YES;
				CLANG_WARN_DIRECT_OBJC_ISA_USAGE = YES_ERROR;
				CLANG_WARN_DOCUMENTATION_COMMENTS = YES;
				CLANG_WARN_EMPTY_BODY = YES;
				CLANG_WARN_ENUM_CONVERSION = YES;
				CLANG_WARN_INFINITE_RECURSION = YES;
				CLANG_WARN_INT_CONVERSION = YES;
				CLANG_WARN_NON_LITERAL_NULL_CONVERSION = YES;
				CLANG_WARN_OBJC_IMPLICIT_RETAIN_SELF = YES;
				CLANG_WARN_OBJC_LITERAL_CONVERSION = YES;
				CLANG_WARN_OBJC_ROOT_CLASS = YES_ERROR;
				CLANG_WARN_QUOTED_INCLUDE_IN_FRAMEWORK_HEADER = YES;
				CLANG_WARN_RANGE_LOOP_ANALYSIS = YES;
				CLANG_WARN_STRICT_PROTOTYPES = YES;
				CLANG_WARN_SUSPICIOUS_MOVE = YES;
				CLANG_WARN_UNGUARDED_AVAILABILITY = YES_AGGRESSIVE;
				CLANG_WARN_UNREACHABLE_CODE = YES;
				CLANG_WARN__DUPLICATE_METHOD_MATCH = YES;
				COPY_PHASE_STRIP = NO;
				DEBUG_INFORMATION_FORMAT = dwarf;
				ENABLE_STRICT_OBJC_MSGSEND = YES;
				ENABLE_TESTABILITY = YES;
				GCC_C_LANGUAGE_STANDARD = gnu11;
				GCC_DYNAMIC_NO_PIC = NO;
				GCC_NO_COMMON_BLOCKS = YES;
				GCC_OPTIMIZATION_LEVEL = 0;
				GCC_PREPROCESSOR_DEFINITIONS = (
					"DEBUG=1",
					"$(inherited)",
				);
				GCC_WARN_64_TO_32_BIT_CONVERSION = YES;
				GCC_WARN_ABOUT_RETURN_TYPE = YES_ERROR;
				GCC_WARN_UNDECLARED_SELECTOR = YES;
				GCC_WARN_UNINITIALIZED_AUTOS = YES_AGGRESSIVE;
				GCC_WARN_UNUSED_FUNCTION = YES;
				GCC_WARN_UNUSED_VARIABLE = YES;
				IPHONEOS_DEPLOYMENT_TARGET = 16.2;
				MTL_ENABLE_DEBUG_INFO = INCLUDE_SOURCE;
				MTL_FAST_MATH = YES;
				ONLY_ACTIVE_ARCH = YES;
				SDKROOT = iphoneos;
				SWIFT_ACTIVE_COMPILATION_CONDITIONS = DEBUG;
				SWIFT_OPTIMIZATION_LEVEL = "-Onone";
			};
			name = Debug;
		};
		CF3A520C29F285FC002D8F09 /* Release */ = {
			isa = XCBuildConfiguration;
			buildSettings = {
				ALWAYS_SEARCH_USER_PATHS = NO;
				CLANG_ANALYZER_NONNULL = YES;
				CLANG_ANALYZER_NUMBER_OBJECT_CONVERSION = YES_AGGRESSIVE;
				CLANG_CXX_LANGUAGE_STANDARD = "gnu++20";
				CLANG_ENABLE_MODULES = YES;
				CLANG_ENABLE_OBJC_ARC = YES;
				CLANG_ENABLE_OBJC_WEAK = YES;
				CLANG_WARN_BLOCK_CAPTURE_AUTORELEASING = YES;
				CLANG_WARN_BOOL_CONVERSION = YES;
				CLANG_WARN_COMMA = YES;
				CLANG_WARN_CONSTANT_CONVERSION = YES;
				CLANG_WARN_DEPRECATED_OBJC_IMPLEMENTATIONS = YES;
				CLANG_WARN_DIRECT_OBJC_ISA_USAGE = YES_ERROR;
				CLANG_WARN_DOCUMENTATION_COMMENTS = YES;
				CLANG_WARN_EMPTY_BODY = YES;
				CLANG_WARN_ENUM_CONVERSION = YES;
				CLANG_WARN_INFINITE_RECURSION = YES;
				CLANG_WARN_INT_CONVERSION = YES;
				CLANG_WARN_NON_LITERAL_NULL_CONVERSION = YES;
				CLANG_WARN_OBJC_IMPLICIT_RETAIN_SELF = YES;
				CLANG_WARN_OBJC_LITERAL_CONVERSION = YES;
				CLANG_WARN_OBJC_ROOT_CLASS = YES_ERROR;
				CLANG_WARN_QUOTED_INCLUDE_IN_FRAMEWORK_HEADER = YES;
				CLANG_WARN_RANGE_LOOP_ANALYSIS = YES;
				CLANG_WARN_STRICT_PROTOTYPES = YES;
				CLANG_WARN_SUSPICIOUS_MOVE = YES;
				CLANG_WARN_UNGUARDED_AVAILABILITY = YES_AGGRESSIVE;
				CLANG_WARN_UNREACHABLE_CODE = YES;
				CLANG_WARN__DUPLICATE_METHOD_MATCH = YES;
				COPY_PHASE_STRIP = NO;
				DEBUG_INFORMATION_FORMAT = "dwarf-with-dsym";
				ENABLE_NS_ASSERTIONS = NO;
				ENABLE_STRICT_OBJC_MSGSEND = YES;
				GCC_C_LANGUAGE_STANDARD = gnu11;
				GCC_NO_COMMON_BLOCKS = YES;
				GCC_WARN_64_TO_32_BIT_CONVERSION = YES;
				GCC_WARN_ABOUT_RETURN_TYPE = YES_ERROR;
				GCC_WARN_UNDECLARED_SELECTOR = YES;
				GCC_WARN_UNINITIALIZED_AUTOS = YES_AGGRESSIVE;
				GCC_WARN_UNUSED_FUNCTION = YES;
				GCC_WARN_UNUSED_VARIABLE = YES;
				IPHONEOS_DEPLOYMENT_TARGET = 16.2;
				MTL_ENABLE_DEBUG_INFO = NO;
				MTL_FAST_MATH = YES;
				SDKROOT = iphoneos;
				SWIFT_COMPILATION_MODE = wholemodule;
				SWIFT_OPTIMIZATION_LEVEL = "-O";
				VALIDATE_PRODUCT = YES;
			};
			name = Release;
		};
		CF3A520E29F285FC002D8F09 /* Debug */ = {
			isa = XCBuildConfiguration;
			buildSettings = {
				ASSETCATALOG_COMPILER_APPICON_NAME = AppIcon;
				ASSETCATALOG_COMPILER_GLOBAL_ACCENT_COLOR_NAME = AccentColor;
				CODE_SIGN_STYLE = Automatic;
				CURRENT_PROJECT_VERSION = 1;
				DEVELOPMENT_TEAM = T2T367NW35;
				GENERATE_INFOPLIST_FILE = YES;
				INFOPLIST_FILE = Kebuke/Info.plist;
				INFOPLIST_KEY_UIApplicationSupportsIndirectInputEvents = YES;
				INFOPLIST_KEY_UILaunchStoryboardName = LaunchScreen;
				INFOPLIST_KEY_UIMainStoryboardFile = Main;
				INFOPLIST_KEY_UISupportedInterfaceOrientations = UIInterfaceOrientationPortrait;
				INFOPLIST_KEY_UISupportedInterfaceOrientations_iPad = "UIInterfaceOrientationLandscapeLeft UIInterfaceOrientationLandscapeRight UIInterfaceOrientationPortraitUpsideDown";
				LD_RUNPATH_SEARCH_PATHS = (
					"$(inherited)",
					"@executable_path/Frameworks",
				);
				MARKETING_VERSION = 1.0;
				PRODUCT_BUNDLE_IDENTIFIER = com.stopshien.Kebuke;
				PRODUCT_NAME = "$(TARGET_NAME)";
				SWIFT_EMIT_LOC_STRINGS = YES;
				SWIFT_VERSION = 5.0;
				TARGETED_DEVICE_FAMILY = "1,2";
			};
			name = Debug;
		};
		CF3A520F29F285FC002D8F09 /* Release */ = {
			isa = XCBuildConfiguration;
			buildSettings = {
				ASSETCATALOG_COMPILER_APPICON_NAME = AppIcon;
				ASSETCATALOG_COMPILER_GLOBAL_ACCENT_COLOR_NAME = AccentColor;
				CODE_SIGN_STYLE = Automatic;
				CURRENT_PROJECT_VERSION = 1;
				DEVELOPMENT_TEAM = T2T367NW35;
				GENERATE_INFOPLIST_FILE = YES;
				INFOPLIST_FILE = Kebuke/Info.plist;
				INFOPLIST_KEY_UIApplicationSupportsIndirectInputEvents = YES;
				INFOPLIST_KEY_UILaunchStoryboardName = LaunchScreen;
				INFOPLIST_KEY_UIMainStoryboardFile = Main;
				INFOPLIST_KEY_UISupportedInterfaceOrientations = UIInterfaceOrientationPortrait;
				INFOPLIST_KEY_UISupportedInterfaceOrientations_iPad = "UIInterfaceOrientationLandscapeLeft UIInterfaceOrientationLandscapeRight UIInterfaceOrientationPortraitUpsideDown";
				LD_RUNPATH_SEARCH_PATHS = (
					"$(inherited)",
					"@executable_path/Frameworks",
				);
				MARKETING_VERSION = 1.0;
				PRODUCT_BUNDLE_IDENTIFIER = com.stopshien.Kebuke;
				PRODUCT_NAME = "$(TARGET_NAME)";
				SWIFT_EMIT_LOC_STRINGS = YES;
				SWIFT_VERSION = 5.0;
				TARGETED_DEVICE_FAMILY = "1,2";
			};
			name = Release;
		};
/* End XCBuildConfiguration section */

/* Begin XCConfigurationList section */
		CF3A51F429F285FB002D8F09 /* Build configuration list for PBXProject "Kebuke" */ = {
			isa = XCConfigurationList;
			buildConfigurations = (
				CF3A520B29F285FC002D8F09 /* Debug */,
				CF3A520C29F285FC002D8F09 /* Release */,
			);
			defaultConfigurationIsVisible = 0;
			defaultConfigurationName = Release;
		};
		CF3A520D29F285FC002D8F09 /* Build configuration list for PBXNativeTarget "Kebuke" */ = {
			isa = XCConfigurationList;
			buildConfigurations = (
				CF3A520E29F285FC002D8F09 /* Debug */,
				CF3A520F29F285FC002D8F09 /* Release */,
			);
			defaultConfigurationIsVisible = 0;
			defaultConfigurationName = Release;
		};
/* End XCConfigurationList section */

/* Begin XCRemoteSwiftPackageReference section */
		CF3A521829F30DDE002D8F09 /* XCRemoteSwiftPackageReference "Kingfisher" */ = {
			isa = XCRemoteSwiftPackageReference;
			repositoryURL = "https://github.com/onevcat/Kingfisher";
			requirement = {
				branch = master;
				kind = branch;
			};
		};
/* End XCRemoteSwiftPackageReference section */

/* Begin XCSwiftPackageProductDependency section */
		CF3A521929F30DDE002D8F09 /* Kingfisher */ = {
			isa = XCSwiftPackageProductDependency;
			package = CF3A521829F30DDE002D8F09 /* XCRemoteSwiftPackageReference "Kingfisher" */;
			productName = Kingfisher;
		};
/* End XCSwiftPackageProductDependency section */
	};
	rootObject = CF3A51F129F285FB002D8F09 /* Project object */;
}
